
Microsoft Visual Studio Solution File, Format Version 12.00
# Visual Studio Version 17
VisualStudioVersion = 17.1.32407.343
MinimumVisualStudioVersion = 10.0.40219.1
Project("{FAE04EC0-301F-11D3-BF4B-00C04F79EFBC}") = "TodoAPI", "TodoAPI\TodoAPI.csproj", "{7599FB9E-D355-4641-B6A0-4F256861BEFB}"
EndProject
Global
	GlobalSection(SolutionConfigurationPlatforms) = preSolution
		Debug|Any CPU = Debug|Any CPU
		Release|Any CPU = Release|Any CPU
	EndGlobalSection
	GlobalSection(ProjectConfigurationPlatforms) = postSolution
		{7599FB9E-D355-4641-B6A0-4F256861BEFB}.Debug|Any CPU.ActiveCfg = Debug|Any CPU
		{7599FB9E-D355-4641-B6A0-4F256861BEFB}.Debug|Any CPU.Build.0 = Debug|Any CPU
		{7599FB9E-D355-4641-B6A0-4F256861BEFB}.Release|Any CPU.ActiveCfg = Release|Any CPU
		{7599FB9E-D355-4641-B6A0-4F256861BEFB}.Release|Any CPU.Build.0 = Release|Any CPU
	EndGlobalSection
	GlobalSection(SolutionProperties) = preSolution
		HideSolutionNode = FALSE
	EndGlobalSection
	GlobalSection(ExtensibilityGlobals) = postSolution
		SolutionGuid = {664BD98D-B10F-4507-8E4D-8F573DE69A42}
	EndGlobalSection
EndGlobal
